<?xml version="1.0" encoding="utf-8"?>
<Project ToolsVersion="4.0" xmlns="http://schemas.microsoft.com/developer/msbuild/2003">
  <ItemGroup>
    <Filter Include="Source Files">
      <UniqueIdentifier>{4FC737F1-C7A5-4376-A066-2A32D752A2FF}</UniqueIdentifier>
      <Extensions>cpp;c;cc;cxx;def;odl;idl;hpj;bat;asm;asmx</Extensions>
    </Filter>
    <Filter Include="Header Files">
      <UniqueIdentifier>{93995380-89BD-4b04-88EB-625FBE52EBFB}</UniqueIdentifier>
      <Extensions>h;hh;hpp;hxx;hm;inl;inc;xsd</Extensions>
    </Filter>
    <Filter Include="Resource Files">
      <UniqueIdentifier>{67DA6AB6-F800-4c08-8B7A-83BB121AAD01}</UniqueIdentifier>
      <Extensions>rc;ico;cur;bmp;dlg;rc2;rct;bin;rgs;gif;jpg;jpeg;jpe;resx;tiff;tif;png;wav;mfcribbon-ms</Extensions>
    </Filter>
  </ItemGroup>
  <ItemGroup>
    <ClInclude Include="BezCurv.h">
      <Filter>Header Files</Filter>
    </ClInclude>
    <ClInclude Include="BezSurf.h">
      <Filter>Header Files</Filter>
    </ClInclude>
    <ClInclude Include="BezVol.h">
      <Filter>Header Files</Filter>
    </ClInclude>
    <ClInclude Include="BezVolBasisFunc.h">
      <Filter>Header Files</Filter>
    </ClInclude>
    <ClInclude Include="BspCurv.h">
      <Filter>Header Files</Filter>
    </ClInclude>
    <ClInclude Include="BspSurf.h">
      <Filter>Header Files</Filter>
    </ClInclude>
    <ClInclude Include="BspVol.h">
      <Filter>Header Files</Filter>
    </ClInclude>
    <ClInclude Include="BspVolBasisFunc.h">
      <Filter>Header Files</Filter>
    </ClInclude>
    <ClInclude Include="CompBezCurv.h">
      <Filter>Header Files</Filter>
    </ClInclude>
    <ClInclude Include="CompBezSurf.h">
      <Filter>Header Files</Filter>
    </ClInclude>
    <ClInclude Include="CompBezVol.h">
      <Filter>Header Files</Filter>
    </ClInclude>
    <ClInclude Include="CompPolyCurv.h">
      <Filter>Header Files</Filter>
    </ClInclude>
    <ClInclude Include="CompPolySurf.h">
      <Filter>Header Files</Filter>
    </ClInclude>
    <ClInclude Include="CompPolyVol.h">
      <Filter>Header Files</Filter>
    </ClInclude>
    <ClInclude Include="CPoints.h">
      <Filter>Header Files</Filter>
    </ClInclude>
    <ClInclude Include="curves.h">
      <Filter>Header Files</Filter>
    </ClInclude>
    <ClInclude Include="FMatrix.h">
      <Filter>Header Files</Filter>
    </ClInclude>
    <ClInclude Include="KnotSet.h">
      <Filter>Header Files</Filter>
    </ClInclude>
    <ClInclude Include="MathFunctions.h">
      <Filter>Header Files</Filter>
    </ClInclude>
    <ClInclude Include="Matrix.h">
      <Filter>Header Files</Filter>
    </ClInclude>
    <ClInclude Include="Matrix3D.h">
      <Filter>Header Files</Filter>
    </ClInclude>
    <ClInclude Include="object.h">
      <Filter>Header Files</Filter>
    </ClInclude>
    <ClInclude Include="PBezVol.h">
      <Filter>Header Files</Filter>
    </ClInclude>
    <ClInclude Include="PBspCurv.h">
      <Filter>Header Files</Filter>
    </ClInclude>
    <ClInclude Include="PBspSurf.h">
      <Filter>Header Files</Filter>
    </ClInclude>
    <ClInclude Include="PBspVol.h">
      <Filter>Header Files</Filter>
    </ClInclude>
    <ClInclude Include="PCompBezVol.h">
      <Filter>Header Files</Filter>
    </ClInclude>
    <ClInclude Include="PCompPolyVol.h">
      <Filter>Header Files</Filter>
    </ClInclude>
    <ClInclude Include="point.h">
      <Filter>Header Files</Filter>
    </ClInclude>
    <ClInclude Include="PolyCurv.h">
      <Filter>Header Files</Filter>
    </ClInclude>
    <ClInclude Include="PolySurf.h">
      <Filter>Header Files</Filter>
    </ClInclude>
    <ClInclude Include="PolyVol.h">
      <Filter>Header Files</Filter>
    </ClInclude>
    <ClInclude Include="PolyVolBasisFunc.h">
      <Filter>Header Files</Filter>
    </ClInclude>
    <ClInclude Include="Ptr.h">
      <Filter>Header Files</Filter>
    </ClInclude>
    <ClInclude Include="Vector.h">
      <Filter>Header Files</Filter>
    </ClInclude>
  </ItemGroup>
  <ItemGroup>
    <ClCompile Include="BezCurvBasisFunc.cpp">
      <Filter>Source Files</Filter>
    </ClCompile>
    <ClCompile Include="BezSurfBasisFunc.cpp">
      <Filter>Source Files</Filter>
    </ClCompile>
    <ClCompile Include="BezVolBasisFunc.cpp">
      <Filter>Source Files</Filter>
    </ClCompile>
    <ClCompile Include="BspCurvBasisFunc.cpp">
      <Filter>Source Files</Filter>
    </ClCompile>
    <ClCompile Include="BspSurfBasisFunc.cpp">
      <Filter>Source Files</Filter>
    </ClCompile>
    <ClCompile Include="BspVolBasisFunc.cpp">
      <Filter>Source Files</Filter>
    </ClCompile>
    <ClCompile Include="curves.cpp">
      <Filter>Source Files</Filter>
    </ClCompile>
    <ClCompile Include="KnotSet.cpp">
      <Filter>Source Files</Filter>
    </ClCompile>
    <ClCompile Include="matrix.cpp">
      <Filter>Source Files</Filter>
    </ClCompile>
    <ClCompile Include="PBezVol.cpp">
      <Filter>Source Files</Filter>
    </ClCompile>
    <ClCompile Include="PBspCurv.cpp">
      <Filter>Source Files</Filter>
    </ClCompile>
    <ClCompile Include="PBspSurf.cpp">
      <Filter>Source Files</Filter>
    </ClCompile>
    <ClCompile Include="PBspVol.cpp">
      <Filter>Source Files</Filter>
    </ClCompile>
    <ClCompile Include="PCompBezVol.cpp">
      <Filter>Source Files</Filter>
    </ClCompile>
    <ClCompile Include="PCompPolyVol.cpp">
      <Filter>Source Files</Filter>
    </ClCompile>
    <ClCompile Include="point.cpp">
      <Filter>Source Files</Filter>
    </ClCompile>
    <ClCompile Include="PolyCurvBasisFunc.cpp">
      <Filter>Source Files</Filter>
    </ClCompile>
    <ClCompile Include="PolySurfBasisFunc.cpp">
      <Filter>Source Files</Filter>
    </ClCompile>
    <ClCompile Include="PolyVolBasisFunc.cpp">
      <Filter>Source Files</Filter>
    </ClCompile>
    <ClCompile Include="Vector.cpp">
      <Filter>Source Files</Filter>
    </ClCompile>
  </ItemGroup>
</Project>